{
  "name": "pioneer",
  "version": "0.0.1",
  "lockfileVersion": 1,
  "requires": true,
  "dependencies": {
    "bluebird": {
      "version": "3.5.1",
      "resolved": "https://registry.npmjs.org/bluebird/-/bluebird-3.5.1.tgz",
      "integrity": "sha512-MKiLiV+I1AA596t9w1sQJ8jkiSr5+ZKi0WKrYGUn6d1Fx+Ij4tIj+m2WMQSGczs5jZVxV339chE8iwk6F64wjA=="
    },
    "teletype": {
      "version": "0.2.0",
      "resolved": "https://registry.npmjs.org/teletype/-/teletype-0.2.0.tgz",
      "integrity": "sha1-Qa15LqmnxL8Fwl777P/kyqvL8QI="
    },
    "telnet-client": {
      "version": "0.15.5",
      "resolved": "https://registry.npmjs.org/telnet-client/-/telnet-client-0.15.5.tgz",
      "integrity": "sha512-Fsnfq5kL/eHmB20UqkbKKyrWHzX0JVbvt1OzFDGVlLeJy2aqtMYSQYTKIglj/ak6OeAl0prieh5SM/rG76Ytzg==",
      "requires": {
        "bluebird": "3.5.1"
      }
    }
  }
}
